
Microsoft Visual Studio Solution File, Format Version 12.00
# Visual Studio 14
VisualStudioVersion = 14.0.25123.0
MinimumVisualStudioVersion = 10.0.40219.1
Project("{FAE04EC0-301F-11D3-BF4B-00C04F79EFBC}") = "Fitness.BL", "Fitness.BL\Fitness.BL.csproj", "{6FD00132-6A4D-4C33-B5EF-EAFF6DF9E757}"
EndProject
Project("{FAE04EC0-301F-11D3-BF4B-00C04F79EFBC}") = "Fitness.CMD", "Fitness.CMD\Fitness.CMD.csproj", "{3F698A43-451E-4B4B-ADF5-9FBA8C1A95CE}"
EndProject
Project("{FAE04EC0-301F-11D3-BF4B-00C04F79EFBC}") = "Fitness.BLTests", "Fitness.BLTests\Fitness.BLTests.csproj", "{235F28FD-3B28-4D68-9FF7-66F467D4AD0F}"
EndProject
Global
	GlobalSection(SolutionConfigurationPlatforms) = preSolution
		Debug|Any CPU = Debug|Any CPU
		Release|Any CPU = Release|Any CPU
	EndGlobalSection
	GlobalSection(ProjectConfigurationPlatforms) = postSolution
		{6FD00132-6A4D-4C33-B5EF-EAFF6DF9E757}.Debug|Any CPU.ActiveCfg = Debug|Any CPU
		{6FD00132-6A4D-4C33-B5EF-EAFF6DF9E757}.Debug|Any CPU.Build.0 = Debug|Any CPU
		{6FD00132-6A4D-4C33-B5EF-EAFF6DF9E757}.Release|Any CPU.ActiveCfg = Release|Any CPU
		{6FD00132-6A4D-4C33-B5EF-EAFF6DF9E757}.Release|Any CPU.Build.0 = Release|Any CPU
		{3F698A43-451E-4B4B-ADF5-9FBA8C1A95CE}.Debug|Any CPU.ActiveCfg = Debug|Any CPU
		{3F698A43-451E-4B4B-ADF5-9FBA8C1A95CE}.Debug|Any CPU.Build.0 = Debug|Any CPU
		{3F698A43-451E-4B4B-ADF5-9FBA8C1A95CE}.Release|Any CPU.ActiveCfg = Release|Any CPU
		{3F698A43-451E-4B4B-ADF5-9FBA8C1A95CE}.Release|Any CPU.Build.0 = Release|Any CPU
		{235F28FD-3B28-4D68-9FF7-66F467D4AD0F}.Debug|Any CPU.ActiveCfg = Debug|Any CPU
		{235F28FD-3B28-4D68-9FF7-66F467D4AD0F}.Debug|Any CPU.Build.0 = Debug|Any CPU
		{235F28FD-3B28-4D68-9FF7-66F467D4AD0F}.Release|Any CPU.ActiveCfg = Release|Any CPU
		{235F28FD-3B28-4D68-9FF7-66F467D4AD0F}.Release|Any CPU.Build.0 = Release|Any CPU
	EndGlobalSection
	GlobalSection(SolutionProperties) = preSolution
		HideSolutionNode = FALSE
	EndGlobalSection
EndGlobal
